
Microsoft Visual Studio Solution File, Format Version 12.00
# Visual Studio Version 16
VisualStudioVersion = 16.0.31702.278
MinimumVisualStudioVersion = 10.0.40219.1
Project("{FAE04EC0-301F-11D3-BF4B-00C04F79EFBC}") = "Supervisor", "Supervisor\Supervisor.csproj", "{50B34F8C-34D5-49A4-8B72-BD7AD2CC599C}"
EndProject
Global
	GlobalSection(SolutionConfigurationPlatforms) = preSolution
		Debug|Any CPU = Debug|Any CPU
		Release|Any CPU = Release|Any CPU
	EndGlobalSection
	GlobalSection(ProjectConfigurationPlatforms) = postSolution
		{50B34F8C-34D5-49A4-8B72-BD7AD2CC599C}.Debug|Any CPU.ActiveCfg = Debug|Any CPU
		{50B34F8C-34D5-49A4-8B72-BD7AD2CC599C}.Debug|Any CPU.Build.0 = Debug|Any CPU
		{50B34F8C-34D5-49A4-8B72-BD7AD2CC599C}.Release|Any CPU.ActiveCfg = Release|Any CPU
		{50B34F8C-34D5-49A4-8B72-BD7AD2CC599C}.Release|Any CPU.Build.0 = Release|Any CPU
	EndGlobalSection
	GlobalSection(SolutionProperties) = preSolution
		HideSolutionNode = FALSE
	EndGlobalSection
	GlobalSection(ExtensibilityGlobals) = postSolution
		SolutionGuid = {7DAB72A7-70F7-491A-B878-A76C705A6058}
	EndGlobalSection
EndGlobal
